// !$*UTF8*$!
{
	archiveVersion = 1;
	classes = {
	};
	objectVersion = 56;
	objects = {

/* Begin PBXBuildFile section */
		F4ECC433296362CF0054EB01 /* AppDelegate.swift in Sources */ = {isa = PBXBuildFile; fileRef = F4ECC432296362CF0054EB01 /* AppDelegate.swift */; };
		F4ECC43C296362D00054EB01 /* Assets.xcassets in Resources */ = {isa = PBXBuildFile; fileRef = F4ECC43B296362D00054EB01 /* Assets.xcassets */; };
		F4ECC43F296362D00054EB01 /* LaunchScreen.storyboard in Resources */ = {isa = PBXBuildFile; fileRef = F4ECC43D296362D00054EB01 /* LaunchScreen.storyboard */; };
		F4ECC447296364200054EB01 /* AppCoordinator.swift in Sources */ = {isa = PBXBuildFile; fileRef = F4ECC446296364200054EB01 /* AppCoordinator.swift */; };
		F4ECC4492963642F0054EB01 /* Configuration.swift in Sources */ = {isa = PBXBuildFile; fileRef = F4ECC4482963642F0054EB01 /* Configuration.swift */; };
		F4ECC450296366560054EB01 /* Coordinator.swift in Sources */ = {isa = PBXBuildFile; fileRef = F4ECC44F296366560054EB01 /* Coordinator.swift */; };
		F4ECC454296369E30054EB01 /* AppContext.swift in Sources */ = {isa = PBXBuildFile; fileRef = F4ECC453296369E30054EB01 /* AppContext.swift */; };
		F4ECC45929636ADA0054EB01 /* TabBarCoordinator.swift in Sources */ = {isa = PBXBuildFile; fileRef = F4ECC45629636ADA0054EB01 /* TabBarCoordinator.swift */; };
		F4ECC45A29636ADA0054EB01 /* TabBarViewModel.swift in Sources */ = {isa = PBXBuildFile; fileRef = F4ECC45729636ADA0054EB01 /* TabBarViewModel.swift */; };
		F4ECC45B29636ADA0054EB01 /* TabBarViewController.swift in Sources */ = {isa = PBXBuildFile; fileRef = F4ECC45829636ADA0054EB01 /* TabBarViewController.swift */; };
		F4ECC45F29636B410054EB01 /* SuperTabBarCoordinators.swift in Sources */ = {isa = PBXBuildFile; fileRef = F4ECC45E29636B410054EB01 /* SuperTabBarCoordinators.swift */; };
		F4ECC46229636B970054EB01 /* ListCoordinator.swift in Sources */ = {isa = PBXBuildFile; fileRef = F4ECC46129636B970054EB01 /* ListCoordinator.swift */; };
		F4ECC46529636BBB0054EB01 /* MapCoordinator.swift in Sources */ = {isa = PBXBuildFile; fileRef = F4ECC46429636BBB0054EB01 /* MapCoordinator.swift */; };
		F4ECC46929636C9C0054EB01 /* BaseViewController.swift in Sources */ = {isa = PBXBuildFile; fileRef = F4ECC46729636C9C0054EB01 /* BaseViewController.swift */; };
		F4ECC46A29636C9C0054EB01 /* BaseViewModel.swift in Sources */ = {isa = PBXBuildFile; fileRef = F4ECC46829636C9C0054EB01 /* BaseViewModel.swift */; };
		F4ECC46C29636D2A0054EB01 /* ShowLoading.swift in Sources */ = {isa = PBXBuildFile; fileRef = F4ECC46B29636D2A0054EB01 /* ShowLoading.swift */; };
		F4ECC47229636DAC0054EB01 /* LoadingView.xib in Resources */ = {isa = PBXBuildFile; fileRef = F4ECC47029636DAC0054EB01 /* LoadingView.xib */; };
		F4ECC47329636DAC0054EB01 /* LoadingView.swift in Sources */ = {isa = PBXBuildFile; fileRef = F4ECC47129636DAC0054EB01 /* LoadingView.swift */; };
		F4ECC47629636E2E0054EB01 /* Observable.swift in Sources */ = {isa = PBXBuildFile; fileRef = F4ECC47529636E2E0054EB01 /* Observable.swift */; };
		F4ECC47929636E700054EB01 /* ApiService.swift in Sources */ = {isa = PBXBuildFile; fileRef = F4ECC47829636E700054EB01 /* ApiService.swift */; };
		F4ECC47B29636E7B0054EB01 /* DatabaseService.swift in Sources */ = {isa = PBXBuildFile; fileRef = F4ECC47A29636E7B0054EB01 /* DatabaseService.swift */; };
		F4ECC47E29636F180054EB01 /* UIView.swift in Sources */ = {isa = PBXBuildFile; fileRef = F4ECC47D29636F180054EB01 /* UIView.swift */; };
		F4ECC481296373BC0054EB01 /* Theme.swift in Sources */ = {isa = PBXBuildFile; fileRef = F4ECC480296373BC0054EB01 /* Theme.swift */; };
		F4ECC483296375D70054EB01 /* ListViewModel.swift in Sources */ = {isa = PBXBuildFile; fileRef = F4ECC482296375D70054EB01 /* ListViewModel.swift */; };
		F4ECC485296375E10054EB01 /* ListViewController.swift in Sources */ = {isa = PBXBuildFile; fileRef = F4ECC484296375E10054EB01 /* ListViewController.swift */; };
		F4ECC487296375EA0054EB01 /* List.storyboard in Resources */ = {isa = PBXBuildFile; fileRef = F4ECC486296375EA0054EB01 /* List.storyboard */; };
		F4ECC4892963765C0054EB01 /* Storyboarded.swift in Sources */ = {isa = PBXBuildFile; fileRef = F4ECC4882963765C0054EB01 /* Storyboarded.swift */; };
		F4ECC48D296377A50054EB01 /* ImageList.swift in Sources */ = {isa = PBXBuildFile; fileRef = F4ECC48C296377A50054EB01 /* ImageList.swift */; };
		F4ECC48F296379EB0054EB01 /* MapViewController.swift in Sources */ = {isa = PBXBuildFile; fileRef = F4ECC48E296379EB0054EB01 /* MapViewController.swift */; };
		F4ECC49129637A100054EB01 /* MapViewModel.swift in Sources */ = {isa = PBXBuildFile; fileRef = F4ECC49029637A100054EB01 /* MapViewModel.swift */; };
		F4ECC49329637A320054EB01 /* Map.storyboard in Resources */ = {isa = PBXBuildFile; fileRef = F4ECC49229637A320054EB01 /* Map.storyboard */; };
		F4ECC498296384C20054EB01 /* Alamofire in Frameworks */ = {isa = PBXBuildFile; productRef = F4ECC497296384C20054EB01 /* Alamofire */; };
		F4ECC49B296385070054EB01 /* PromiseKit in Frameworks */ = {isa = PBXBuildFile; productRef = F4ECC49A296385070054EB01 /* PromiseKit */; };
		F4ECC49D296389E70054EB01 /* NetworServiceConstants.swift in Sources */ = {isa = PBXBuildFile; fileRef = F4ECC49C296389E70054EB01 /* NetworServiceConstants.swift */; };
		F4ECC49F29638BE90054EB01 /* URLTaskStructure.swift in Sources */ = {isa = PBXBuildFile; fileRef = F4ECC49E29638BE90054EB01 /* URLTaskStructure.swift */; };
		F4ECC4A329638E140054EB01 /* EndPoints.swift in Sources */ = {isa = PBXBuildFile; fileRef = F4ECC4A229638E140054EB01 /* EndPoints.swift */; };
		F4ECC4A5296423060054EB01 /* String.swift in Sources */ = {isa = PBXBuildFile; fileRef = F4ECC4A4296423060054EB01 /* String.swift */; };
		F4ECC4A82964243F0054EB01 /* Realm in Frameworks */ = {isa = PBXBuildFile; productRef = F4ECC4A72964243F0054EB01 /* Realm */; };
		F4ECC4AA2964243F0054EB01 /* RealmSwift in Frameworks */ = {isa = PBXBuildFile; productRef = F4ECC4A92964243F0054EB01 /* RealmSwift */; };
		F4ECC4AC296424600054EB01 /* Meteorite.swift in Sources */ = {isa = PBXBuildFile; fileRef = F4ECC4AB296424600054EB01 /* Meteorite.swift */; };
		F4ECC4B029642E590054EB01 /* ListCell.swift in Sources */ = {isa = PBXBuildFile; fileRef = F4ECC4AF29642E590054EB01 /* ListCell.swift */; };
		F4ECC4B229642E620054EB01 /* ListCellViewModel.swift in Sources */ = {isa = PBXBuildFile; fileRef = F4ECC4B129642E620054EB01 /* ListCellViewModel.swift */; };
		F4ECC4B429642E6E0054EB01 /* ListCell.xib in Resources */ = {isa = PBXBuildFile; fileRef = F4ECC4B329642E6E0054EB01 /* ListCell.xib */; };
		F4ECC4B62964397A0054EB01 /* Collection.swift in Sources */ = {isa = PBXBuildFile; fileRef = F4ECC4B52964397A0054EB01 /* Collection.swift */; };
		F4ECC4BA29643A0A0054EB01 /* EmptyCell.swift in Sources */ = {isa = PBXBuildFile; fileRef = F4ECC4B929643A0A0054EB01 /* EmptyCell.swift */; };
		F4ECC4BC29643A490054EB01 /* EmptyCellViewModel.swift in Sources */ = {isa = PBXBuildFile; fileRef = F4ECC4BB29643A490054EB01 /* EmptyCellViewModel.swift */; };
		F4ECC4BE29643A6F0054EB01 /* EmptyCell.xib in Resources */ = {isa = PBXBuildFile; fileRef = F4ECC4BD29643A6F0054EB01 /* EmptyCell.xib */; };
/* End PBXBuildFile section */

/* Begin PBXFileReference section */
		F4ECC42F296362CF0054EB01 /* Meteorites.app */ = {isa = PBXFileReference; explicitFileType = wrapper.application; includeInIndex = 0; path = Meteorites.app; sourceTree = BUILT_PRODUCTS_DIR; };
		F4ECC432296362CF0054EB01 /* AppDelegate.swift */ = {isa = PBXFileReference; lastKnownFileType = sourcecode.swift; path = AppDelegate.swift; sourceTree = "<group>"; };
		F4ECC43B296362D00054EB01 /* Assets.xcassets */ = {isa = PBXFileReference; lastKnownFileType = folder.assetcatalog; path = Assets.xcassets; sourceTree = "<group>"; };
		F4ECC43E296362D00054EB01 /* Base */ = {isa = PBXFileReference; lastKnownFileType = file.storyboard; name = Base; path = Base.lproj/LaunchScreen.storyboard; sourceTree = "<group>"; };
		F4ECC440296362D00054EB01 /* Info.plist */ = {isa = PBXFileReference; lastKnownFileType = text.plist.xml; path = Info.plist; sourceTree = "<group>"; };
		F4ECC446296364200054EB01 /* AppCoordinator.swift */ = {isa = PBXFileReference; lastKnownFileType = sourcecode.swift; path = AppCoordinator.swift; sourceTree = "<group>"; };
		F4ECC4482963642F0054EB01 /* Configuration.swift */ = {isa = PBXFileReference; lastKnownFileType = sourcecode.swift; path = Configuration.swift; sourceTree = "<group>"; };
		F4ECC44F296366560054EB01 /* Coordinator.swift */ = {isa = PBXFileReference; lastKnownFileType = sourcecode.swift; path = Coordinator.swift; sourceTree = "<group>"; };
		F4ECC453296369E30054EB01 /* AppContext.swift */ = {isa = PBXFileReference; lastKnownFileType = sourcecode.swift; path = AppContext.swift; sourceTree = "<group>"; };
		F4ECC45629636ADA0054EB01 /* TabBarCoordinator.swift */ = {isa = PBXFileReference; fileEncoding = 4; lastKnownFileType = sourcecode.swift; path = TabBarCoordinator.swift; sourceTree = "<group>"; };
		F4ECC45729636ADA0054EB01 /* TabBarViewModel.swift */ = {isa = PBXFileReference; fileEncoding = 4; lastKnownFileType = sourcecode.swift; path = TabBarViewModel.swift; sourceTree = "<group>"; };
		F4ECC45829636ADA0054EB01 /* TabBarViewController.swift */ = {isa = PBXFileReference; fileEncoding = 4; lastKnownFileType = sourcecode.swift; path = TabBarViewController.swift; sourceTree = "<group>"; };
		F4ECC45E29636B410054EB01 /* SuperTabBarCoordinators.swift */ = {isa = PBXFileReference; fileEncoding = 4; lastKnownFileType = sourcecode.swift; path = SuperTabBarCoordinators.swift; sourceTree = "<group>"; };
		F4ECC46129636B970054EB01 /* ListCoordinator.swift */ = {isa = PBXFileReference; lastKnownFileType = sourcecode.swift; path = ListCoordinator.swift; sourceTree = "<group>"; };
		F4ECC46429636BBB0054EB01 /* MapCoordinator.swift */ = {isa = PBXFileReference; lastKnownFileType = sourcecode.swift; path = MapCoordinator.swift; sourceTree = "<group>"; };
		F4ECC46729636C9C0054EB01 /* BaseViewController.swift */ = {isa = PBXFileReference; fileEncoding = 4; lastKnownFileType = sourcecode.swift; path = BaseViewController.swift; sourceTree = "<group>"; };
		F4ECC46829636C9C0054EB01 /* BaseViewModel.swift */ = {isa = PBXFileReference; fileEncoding = 4; lastKnownFileType = sourcecode.swift; path = BaseViewModel.swift; sourceTree = "<group>"; };
		F4ECC46B29636D2A0054EB01 /* ShowLoading.swift */ = {isa = PBXFileReference; fileEncoding = 4; lastKnownFileType = sourcecode.swift; path = ShowLoading.swift; sourceTree = "<group>"; };
		F4ECC47029636DAC0054EB01 /* LoadingView.xib */ = {isa = PBXFileReference; fileEncoding = 4; lastKnownFileType = file.xib; path = LoadingView.xib; sourceTree = "<group>"; };
		F4ECC47129636DAC0054EB01 /* LoadingView.swift */ = {isa = PBXFileReference; fileEncoding = 4; lastKnownFileType = sourcecode.swift; path = LoadingView.swift; sourceTree = "<group>"; };
		F4ECC47529636E2E0054EB01 /* Observable.swift */ = {isa = PBXFileReference; lastKnownFileType = sourcecode.swift; path = Observable.swift; sourceTree = "<group>"; };
		F4ECC47829636E700054EB01 /* ApiService.swift */ = {isa = PBXFileReference; lastKnownFileType = sourcecode.swift; path = ApiService.swift; sourceTree = "<group>"; };
		F4ECC47A29636E7B0054EB01 /* DatabaseService.swift */ = {isa = PBXFileReference; lastKnownFileType = sourcecode.swift; path = DatabaseService.swift; sourceTree = "<group>"; };
		F4ECC47D29636F180054EB01 /* UIView.swift */ = {isa = PBXFileReference; lastKnownFileType = sourcecode.swift; path = UIView.swift; sourceTree = "<group>"; };
		F4ECC480296373BC0054EB01 /* Theme.swift */ = {isa = PBXFileReference; lastKnownFileType = sourcecode.swift; path = Theme.swift; sourceTree = "<group>"; };
		F4ECC482296375D70054EB01 /* ListViewModel.swift */ = {isa = PBXFileReference; lastKnownFileType = sourcecode.swift; path = ListViewModel.swift; sourceTree = "<group>"; };
		F4ECC484296375E10054EB01 /* ListViewController.swift */ = {isa = PBXFileReference; lastKnownFileType = sourcecode.swift; path = ListViewController.swift; sourceTree = "<group>"; };
		F4ECC486296375EA0054EB01 /* List.storyboard */ = {isa = PBXFileReference; lastKnownFileType = file.storyboard; path = List.storyboard; sourceTree = "<group>"; };
		F4ECC4882963765C0054EB01 /* Storyboarded.swift */ = {isa = PBXFileReference; lastKnownFileType = sourcecode.swift; path = Storyboarded.swift; sourceTree = "<group>"; };
		F4ECC48C296377A50054EB01 /* ImageList.swift */ = {isa = PBXFileReference; lastKnownFileType = sourcecode.swift; path = ImageList.swift; sourceTree = "<group>"; };
		F4ECC48E296379EB0054EB01 /* MapViewController.swift */ = {isa = PBXFileReference; lastKnownFileType = sourcecode.swift; path = MapViewController.swift; sourceTree = "<group>"; };
		F4ECC49029637A100054EB01 /* MapViewModel.swift */ = {isa = PBXFileReference; lastKnownFileType = sourcecode.swift; path = MapViewModel.swift; sourceTree = "<group>"; };
		F4ECC49229637A320054EB01 /* Map.storyboard */ = {isa = PBXFileReference; lastKnownFileType = file.storyboard; path = Map.storyboard; sourceTree = "<group>"; };
		F4ECC49C296389E70054EB01 /* NetworServiceConstants.swift */ = {isa = PBXFileReference; lastKnownFileType = sourcecode.swift; path = NetworServiceConstants.swift; sourceTree = "<group>"; };
		F4ECC49E29638BE90054EB01 /* URLTaskStructure.swift */ = {isa = PBXFileReference; lastKnownFileType = sourcecode.swift; path = URLTaskStructure.swift; sourceTree = "<group>"; };
		F4ECC4A229638E140054EB01 /* EndPoints.swift */ = {isa = PBXFileReference; lastKnownFileType = sourcecode.swift; path = EndPoints.swift; sourceTree = "<group>"; };
		F4ECC4A4296423060054EB01 /* String.swift */ = {isa = PBXFileReference; lastKnownFileType = sourcecode.swift; path = String.swift; sourceTree = "<group>"; };
		F4ECC4AB296424600054EB01 /* Meteorite.swift */ = {isa = PBXFileReference; lastKnownFileType = sourcecode.swift; path = Meteorite.swift; sourceTree = "<group>"; };
		F4ECC4AF29642E590054EB01 /* ListCell.swift */ = {isa = PBXFileReference; lastKnownFileType = sourcecode.swift; path = ListCell.swift; sourceTree = "<group>"; };
		F4ECC4B129642E620054EB01 /* ListCellViewModel.swift */ = {isa = PBXFileReference; lastKnownFileType = sourcecode.swift; path = ListCellViewModel.swift; sourceTree = "<group>"; };
		F4ECC4B329642E6E0054EB01 /* ListCell.xib */ = {isa = PBXFileReference; lastKnownFileType = file.xib; path = ListCell.xib; sourceTree = "<group>"; };
		F4ECC4B52964397A0054EB01 /* Collection.swift */ = {isa = PBXFileReference; lastKnownFileType = sourcecode.swift; path = Collection.swift; sourceTree = "<group>"; };
		F4ECC4B929643A0A0054EB01 /* EmptyCell.swift */ = {isa = PBXFileReference; lastKnownFileType = sourcecode.swift; path = EmptyCell.swift; sourceTree = "<group>"; };
		F4ECC4BB29643A490054EB01 /* EmptyCellViewModel.swift */ = {isa = PBXFileReference; lastKnownFileType = sourcecode.swift; path = EmptyCellViewModel.swift; sourceTree = "<group>"; };
		F4ECC4BD29643A6F0054EB01 /* EmptyCell.xib */ = {isa = PBXFileReference; lastKnownFileType = file.xib; path = EmptyCell.xib; sourceTree = "<group>"; };
/* End PBXFileReference section */

/* Begin PBXFrameworksBuildPhase section */
		F4ECC42C296362CF0054EB01 /* Frameworks */ = {
			isa = PBXFrameworksBuildPhase;
			buildActionMask = 2147483647;
			files = (
				F4ECC4AA2964243F0054EB01 /* RealmSwift in Frameworks */,
				F4ECC4A82964243F0054EB01 /* Realm in Frameworks */,
				F4ECC498296384C20054EB01 /* Alamofire in Frameworks */,
				F4ECC49B296385070054EB01 /* PromiseKit in Frameworks */,
			);
			runOnlyForDeploymentPostprocessing = 0;
		};
/* End PBXFrameworksBuildPhase section */

/* Begin PBXGroup section */
		F4ECC426296362CF0054EB01 = {
			isa = PBXGroup;
			children = (
				F4ECC431296362CF0054EB01 /* Meteorites */,
				F4ECC430296362CF0054EB01 /* Products */,
			);
			sourceTree = "<group>";
		};
		F4ECC430296362CF0054EB01 /* Products */ = {
			isa = PBXGroup;
			children = (
				F4ECC42F296362CF0054EB01 /* Meteorites.app */,
			);
			name = Products;
			sourceTree = "<group>";
		};
		F4ECC431296362CF0054EB01 /* Meteorites */ = {
			isa = PBXGroup;
			children = (
				F4ECC44A296364630054EB01 /* Application */,
				F4ECC44B296365680054EB01 /* Stories */,
				F4ECC47729636E630054EB01 /* Services */,
				F4ECC45C29636B100054EB01 /* Common */,
				F4ECC47F296373AD0054EB01 /* Resources */,
				F4ECC43B296362D00054EB01 /* Assets.xcassets */,
				F4ECC43D296362D00054EB01 /* LaunchScreen.storyboard */,
			);
			path = Meteorites;
			sourceTree = "<group>";
		};
		F4ECC44A296364630054EB01 /* Application */ = {
			isa = PBXGroup;
			children = (
				F4ECC432296362CF0054EB01 /* AppDelegate.swift */,
				F4ECC453296369E30054EB01 /* AppContext.swift */,
				F4ECC446296364200054EB01 /* AppCoordinator.swift */,
				F4ECC4482963642F0054EB01 /* Configuration.swift */,
				F4ECC440296362D00054EB01 /* Info.plist */,
			);
			path = Application;
			sourceTree = "<group>";
		};
		F4ECC44B296365680054EB01 /* Stories */ = {
			isa = PBXGroup;
			children = (
				F4ECC45529636ADA0054EB01 /* TabBar */,
				F4ECC46029636B7C0054EB01 /* List */,
				F4ECC46329636BAF0054EB01 /* Map */,
			);
			path = Stories;
			sourceTree = "<group>";
		};
		F4ECC45529636ADA0054EB01 /* TabBar */ = {
			isa = PBXGroup;
			children = (
				F4ECC45629636ADA0054EB01 /* TabBarCoordinator.swift */,
				F4ECC45729636ADA0054EB01 /* TabBarViewModel.swift */,
				F4ECC45829636ADA0054EB01 /* TabBarViewController.swift */,
			);
			path = TabBar;
			sourceTree = "<group>";
		};
		F4ECC45C29636B100054EB01 /* Common */ = {
			isa = PBXGroup;
			children = (
				F4ECC45D29636B1F0054EB01 /* Protocols */,
				F4ECC47C29636F020054EB01 /* Extensions */,
				F4ECC46D29636D7C0054EB01 /* UI */,
				F4ECC46629636C9C0054EB01 /* BaseView */,
				F4ECC47529636E2E0054EB01 /* Observable.swift */,
				F4ECC4AB296424600054EB01 /* Meteorite.swift */,
			);
			path = Common;
			sourceTree = "<group>";
		};
		F4ECC45D29636B1F0054EB01 /* Protocols */ = {
			isa = PBXGroup;
			children = (
				F4ECC46B29636D2A0054EB01 /* ShowLoading.swift */,
				F4ECC45E29636B410054EB01 /* SuperTabBarCoordinators.swift */,
				F4ECC44F296366560054EB01 /* Coordinator.swift */,
				F4ECC4882963765C0054EB01 /* Storyboarded.swift */,
			);
			path = Protocols;
			sourceTree = "<group>";
		};
		F4ECC46029636B7C0054EB01 /* List */ = {
			isa = PBXGroup;
			children = (
				F4ECC4AE29642E490054EB01 /* Cells */,
				F4ECC46129636B970054EB01 /* ListCoordinator.swift */,
				F4ECC484296375E10054EB01 /* ListViewController.swift */,
				F4ECC482296375D70054EB01 /* ListViewModel.swift */,
				F4ECC486296375EA0054EB01 /* List.storyboard */,
			);
			path = List;
			sourceTree = "<group>";
		};
		F4ECC46329636BAF0054EB01 /* Map */ = {
			isa = PBXGroup;
			children = (
				F4ECC46429636BBB0054EB01 /* MapCoordinator.swift */,
				F4ECC48E296379EB0054EB01 /* MapViewController.swift */,
				F4ECC49029637A100054EB01 /* MapViewModel.swift */,
				F4ECC49229637A320054EB01 /* Map.storyboard */,
			);
			path = Map;
			sourceTree = "<group>";
		};
		F4ECC46629636C9C0054EB01 /* BaseView */ = {
			isa = PBXGroup;
			children = (
				F4ECC46729636C9C0054EB01 /* BaseViewController.swift */,
				F4ECC46829636C9C0054EB01 /* BaseViewModel.swift */,
			);
			path = BaseView;
			sourceTree = "<group>";
		};
		F4ECC46D29636D7C0054EB01 /* UI */ = {
			isa = PBXGroup;
			children = (
				F4ECC4B8296439FE0054EB01 /* EmptyCell */,
				F4ECC46F29636DAB0054EB01 /* LoadingView */,
			);
			path = UI;
			sourceTree = "<group>";
		};
		F4ECC46F29636DAB0054EB01 /* LoadingView */ = {
			isa = PBXGroup;
			children = (
				F4ECC47129636DAC0054EB01 /* LoadingView.swift */,
				F4ECC47029636DAC0054EB01 /* LoadingView.xib */,
			);
			path = LoadingView;
			sourceTree = "<group>";
		};
		F4ECC47729636E630054EB01 /* Services */ = {
			isa = PBXGroup;
			children = (
				F4ECC47829636E700054EB01 /* ApiService.swift */,
				F4ECC49C296389E70054EB01 /* NetworServiceConstants.swift */,
				F4ECC49E29638BE90054EB01 /* URLTaskStructure.swift */,
				F4ECC4A229638E140054EB01 /* EndPoints.swift */,
				F4ECC47A29636E7B0054EB01 /* DatabaseService.swift */,
			);
			path = Services;
			sourceTree = "<group>";
		};
		F4ECC47C29636F020054EB01 /* Extensions */ = {
			isa = PBXGroup;
			children = (
				F4ECC47D29636F180054EB01 /* UIView.swift */,
				F4ECC4A4296423060054EB01 /* String.swift */,
				F4ECC4B52964397A0054EB01 /* Collection.swift */,
			);
			path = Extensions;
			sourceTree = "<group>";
		};
		F4ECC47F296373AD0054EB01 /* Resources */ = {
			isa = PBXGroup;
			children = (
				F4ECC480296373BC0054EB01 /* Theme.swift */,
				F4ECC48C296377A50054EB01 /* ImageList.swift */,
			);
			path = Resources;
			sourceTree = "<group>";
		};
		F4ECC4AE29642E490054EB01 /* Cells */ = {
			isa = PBXGroup;
			children = (
				F4ECC4B7296439EF0054EB01 /* ListCell */,
			);
			path = Cells;
			sourceTree = "<group>";
		};
		F4ECC4B7296439EF0054EB01 /* ListCell */ = {
			isa = PBXGroup;
			children = (
				F4ECC4AF29642E590054EB01 /* ListCell.swift */,
				F4ECC4B129642E620054EB01 /* ListCellViewModel.swift */,
				F4ECC4B329642E6E0054EB01 /* ListCell.xib */,
			);
			path = ListCell;
			sourceTree = "<group>";
		};
		F4ECC4B8296439FE0054EB01 /* EmptyCell */ = {
			isa = PBXGroup;
			children = (
				F4ECC4B929643A0A0054EB01 /* EmptyCell.swift */,
				F4ECC4BB29643A490054EB01 /* EmptyCellViewModel.swift */,
				F4ECC4BD29643A6F0054EB01 /* EmptyCell.xib */,
			);
			path = EmptyCell;
			sourceTree = "<group>";
		};
/* End PBXGroup section */

/* Begin PBXNativeTarget section */
		F4ECC42E296362CF0054EB01 /* Meteorites */ = {
			isa = PBXNativeTarget;
			buildConfigurationList = F4ECC443296362D00054EB01 /* Build configuration list for PBXNativeTarget "Meteorites" */;
			buildPhases = (
				F4ECC494296382480054EB01 /* Swiftformat */,
				F4ECC495296382740054EB01 /* Swiftlint */,
				F4ECC42B296362CF0054EB01 /* Sources */,
				F4ECC42C296362CF0054EB01 /* Frameworks */,
				F4ECC42D296362CF0054EB01 /* Resources */,
			);
			buildRules = (
			);
			dependencies = (
			);
			name = Meteorites;
			packageProductDependencies = (
				F4ECC497296384C20054EB01 /* Alamofire */,
				F4ECC49A296385070054EB01 /* PromiseKit */,
				F4ECC4A72964243F0054EB01 /* Realm */,
				F4ECC4A92964243F0054EB01 /* RealmSwift */,
			);
			productName = Meteorites;
			productReference = F4ECC42F296362CF0054EB01 /* Meteorites.app */;
			productType = "com.apple.product-type.application";
		};
/* End PBXNativeTarget section */

/* Begin PBXProject section */
		F4ECC427296362CF0054EB01 /* Project object */ = {
			isa = PBXProject;
			attributes = {
				BuildIndependentTargetsInParallel = 1;
				LastSwiftUpdateCheck = 1400;
				LastUpgradeCheck = 1400;
				TargetAttributes = {
					F4ECC42E296362CF0054EB01 = {
						CreatedOnToolsVersion = 14.0.1;
					};
				};
			};
			buildConfigurationList = F4ECC42A296362CF0054EB01 /* Build configuration list for PBXProject "Meteorites" */;
			compatibilityVersion = "Xcode 14.0";
			developmentRegion = en;
			hasScannedForEncodings = 0;
			knownRegions = (
				en,
				Base,
			);
			mainGroup = F4ECC426296362CF0054EB01;
			packageReferences = (
				F4ECC496296384C20054EB01 /* XCRemoteSwiftPackageReference "Alamofire" */,
				F4ECC499296385070054EB01 /* XCRemoteSwiftPackageReference "PromiseKit" */,
				F4ECC4A62964243F0054EB01 /* XCRemoteSwiftPackageReference "realm-swift" */,
			);
			productRefGroup = F4ECC430296362CF0054EB01 /* Products */;
			projectDirPath = "";
			projectRoot = "";
			targets = (
				F4ECC42E296362CF0054EB01 /* Meteorites */,
			);
		};
/* End PBXProject section */

/* Begin PBXResourcesBuildPhase section */
		F4ECC42D296362CF0054EB01 /* Resources */ = {
			isa = PBXResourcesBuildPhase;
			buildActionMask = 2147483647;
			files = (
				F4ECC47229636DAC0054EB01 /* LoadingView.xib in Resources */,
				F4ECC4B429642E6E0054EB01 /* ListCell.xib in Resources */,
				F4ECC4BE29643A6F0054EB01 /* EmptyCell.xib in Resources */,
				F4ECC43F296362D00054EB01 /* LaunchScreen.storyboard in Resources */,
				F4ECC49329637A320054EB01 /* Map.storyboard in Resources */,
				F4ECC487296375EA0054EB01 /* List.storyboard in Resources */,
				F4ECC43C296362D00054EB01 /* Assets.xcassets in Resources */,
			);
			runOnlyForDeploymentPostprocessing = 0;
		};
/* End PBXResourcesBuildPhase section */

/* Begin PBXShellScriptBuildPhase section */
		F4ECC494296382480054EB01 /* Swiftformat */ = {
			isa = PBXShellScriptBuildPhase;
			buildActionMask = 2147483647;
			files = (
			);
			inputFileListPaths = (
			);
			inputPaths = (
			);
			name = Swiftformat;
			outputFileListPaths = (
			);
			outputPaths = (
			);
			runOnlyForDeploymentPostprocessing = 0;
			shellPath = /bin/sh;
			shellScript = "if test -d \"/opt/homebrew/bin/\"; then\n  PATH=\"/opt/homebrew/bin/:${PATH}\"\nfi\n\nexport PATH\n\nif which swiftformat >/dev/null; then\n  swiftformat .\nelse\n  echo \"warning: SwiftFormat not installed, download from https://github.com/nicklockwood/SwiftFormat\"\nfi\n";
		};
		F4ECC495296382740054EB01 /* Swiftlint */ = {
			isa = PBXShellScriptBuildPhase;
			alwaysOutOfDate = 1;
			buildActionMask = 2147483647;
			files = (
			);
			inputFileListPaths = (
			);
			inputPaths = (
			);
			name = Swiftlint;
			outputFileListPaths = (
			);
			outputPaths = (
			);
			runOnlyForDeploymentPostprocessing = 0;
			shellPath = /bin/sh;
			shellScript = "if test -d \"/opt/homebrew/bin/\"; then\n  PATH=\"/opt/homebrew/bin/:${PATH}\"\nfi\n\nexport PATH\n\nif which swiftlint >/dev/null; then\n  swiftlint\nelse\n  echo \"warning: SwiftLint not installed, download from https://github.com/realm/SwiftLint\"\nfi\n";
		};
/* End PBXShellScriptBuildPhase section */

/* Begin PBXSourcesBuildPhase section */
		F4ECC42B296362CF0054EB01 /* Sources */ = {
			isa = PBXSourcesBuildPhase;
			buildActionMask = 2147483647;
			files = (
				F4ECC47B29636E7B0054EB01 /* DatabaseService.swift in Sources */,
				F4ECC47629636E2E0054EB01 /* Observable.swift in Sources */,
				F4ECC483296375D70054EB01 /* ListViewModel.swift in Sources */,
				F4ECC4B229642E620054EB01 /* ListCellViewModel.swift in Sources */,
				F4ECC45F29636B410054EB01 /* SuperTabBarCoordinators.swift in Sources */,
				F4ECC4A5296423060054EB01 /* String.swift in Sources */,
				F4ECC4B029642E590054EB01 /* ListCell.swift in Sources */,
				F4ECC47929636E700054EB01 /* ApiService.swift in Sources */,
				F4ECC45B29636ADA0054EB01 /* TabBarViewController.swift in Sources */,
				F4ECC46529636BBB0054EB01 /* MapCoordinator.swift in Sources */,
				F4ECC447296364200054EB01 /* AppCoordinator.swift in Sources */,
				F4ECC48F296379EB0054EB01 /* MapViewController.swift in Sources */,
				F4ECC454296369E30054EB01 /* AppContext.swift in Sources */,
				F4ECC48D296377A50054EB01 /* ImageList.swift in Sources */,
				F4ECC46929636C9C0054EB01 /* BaseViewController.swift in Sources */,
				F4ECC45929636ADA0054EB01 /* TabBarCoordinator.swift in Sources */,
				F4ECC46C29636D2A0054EB01 /* ShowLoading.swift in Sources */,
				F4ECC47329636DAC0054EB01 /* LoadingView.swift in Sources */,
				F4ECC46A29636C9C0054EB01 /* BaseViewModel.swift in Sources */,
				F4ECC4B62964397A0054EB01 /* Collection.swift in Sources */,
				F4ECC4A329638E140054EB01 /* EndPoints.swift in Sources */,
				F4ECC4892963765C0054EB01 /* Storyboarded.swift in Sources */,
				F4ECC4BC29643A490054EB01 /* EmptyCellViewModel.swift in Sources */,
				F4ECC49129637A100054EB01 /* MapViewModel.swift in Sources */,
				F4ECC47E29636F180054EB01 /* UIView.swift in Sources */,
				F4ECC4BA29643A0A0054EB01 /* EmptyCell.swift in Sources */,
				F4ECC4492963642F0054EB01 /* Configuration.swift in Sources */,
				F4ECC485296375E10054EB01 /* ListViewController.swift in Sources */,
				F4ECC450296366560054EB01 /* Coordinator.swift in Sources */,
				F4ECC4AC296424600054EB01 /* Meteorite.swift in Sources */,
				F4ECC45A29636ADA0054EB01 /* TabBarViewModel.swift in Sources */,
				F4ECC481296373BC0054EB01 /* Theme.swift in Sources */,
				F4ECC49F29638BE90054EB01 /* URLTaskStructure.swift in Sources */,
				F4ECC46229636B970054EB01 /* ListCoordinator.swift in Sources */,
				F4ECC433296362CF0054EB01 /* AppDelegate.swift in Sources */,
				F4ECC49D296389E70054EB01 /* NetworServiceConstants.swift in Sources */,
			);
			runOnlyForDeploymentPostprocessing = 0;
		};
/* End PBXSourcesBuildPhase section */

/* Begin PBXVariantGroup section */
		F4ECC43D296362D00054EB01 /* LaunchScreen.storyboard */ = {
			isa = PBXVariantGroup;
			children = (
				F4ECC43E296362D00054EB01 /* Base */,
			);
			name = LaunchScreen.storyboard;
			sourceTree = "<group>";
		};
/* End PBXVariantGroup section */

/* Begin XCBuildConfiguration section */
		F4ECC441296362D00054EB01 /* Debug */ = {
			isa = XCBuildConfiguration;
			buildSettings = {
				ALWAYS_SEARCH_USER_PATHS = NO;
				CLANG_ANALYZER_NONNULL = YES;
				CLANG_ANALYZER_NUMBER_OBJECT_CONVERSION = YES_AGGRESSIVE;
				CLANG_CXX_LANGUAGE_STANDARD = "gnu++20";
				CLANG_ENABLE_MODULES = YES;
				CLANG_ENABLE_OBJC_ARC = YES;
				CLANG_ENABLE_OBJC_WEAK = YES;
				CLANG_WARN_BLOCK_CAPTURE_AUTORELEASING = YES;
				CLANG_WARN_BOOL_CONVERSION = YES;
				CLANG_WARN_COMMA = YES;
				CLANG_WARN_CONSTANT_CONVERSION = YES;
				CLANG_WARN_DEPRECATED_OBJC_IMPLEMENTATIONS = YES;
				CLANG_WARN_DIRECT_OBJC_ISA_USAGE = YES_ERROR;
				CLANG_WARN_DOCUMENTATION_COMMENTS = YES;
				CLANG_WARN_EMPTY_BODY = YES;
				CLANG_WARN_ENUM_CONVERSION = YES;
				CLANG_WARN_INFINITE_RECURSION = YES;
				CLANG_WARN_INT_CONVERSION = YES;
				CLANG_WARN_NON_LITERAL_NULL_CONVERSION = YES;
				CLANG_WARN_OBJC_IMPLICIT_RETAIN_SELF = YES;
				CLANG_WARN_OBJC_LITERAL_CONVERSION = YES;
				CLANG_WARN_OBJC_ROOT_CLASS = YES_ERROR;
				CLANG_WARN_QUOTED_INCLUDE_IN_FRAMEWORK_HEADER = YES;
				CLANG_WARN_RANGE_LOOP_ANALYSIS = YES;
				CLANG_WARN_STRICT_PROTOTYPES = YES;
				CLANG_WARN_SUSPICIOUS_MOVE = YES;
				CLANG_WARN_UNGUARDED_AVAILABILITY = YES_AGGRESSIVE;
				CLANG_WARN_UNREACHABLE_CODE = YES;
				CLANG_WARN__DUPLICATE_METHOD_MATCH = YES;
				COPY_PHASE_STRIP = NO;
				DEBUG_INFORMATION_FORMAT = dwarf;
				ENABLE_STRICT_OBJC_MSGSEND = YES;
				ENABLE_TESTABILITY = YES;
				GCC_C_LANGUAGE_STANDARD = gnu11;
				GCC_DYNAMIC_NO_PIC = NO;
				GCC_NO_COMMON_BLOCKS = YES;
				GCC_OPTIMIZATION_LEVEL = 0;
				GCC_PREPROCESSOR_DEFINITIONS = (
					"DEBUG=1",
					"$(inherited)",
				);
				GCC_WARN_64_TO_32_BIT_CONVERSION = YES;
				GCC_WARN_ABOUT_RETURN_TYPE = YES_ERROR;
				GCC_WARN_UNDECLARED_SELECTOR = YES;
				GCC_WARN_UNINITIALIZED_AUTOS = YES_AGGRESSIVE;
				GCC_WARN_UNUSED_FUNCTION = YES;
				GCC_WARN_UNUSED_VARIABLE = YES;
				IPHONEOS_DEPLOYMENT_TARGET = 14.0;
				MTL_ENABLE_DEBUG_INFO = INCLUDE_SOURCE;
				MTL_FAST_MATH = YES;
				ONLY_ACTIVE_ARCH = YES;
				SDKROOT = iphoneos;
				SWIFT_ACTIVE_COMPILATION_CONDITIONS = DEBUG;
				SWIFT_OPTIMIZATION_LEVEL = "-Onone";
			};
			name = Debug;
		};
		F4ECC442296362D00054EB01 /* Release */ = {
			isa = XCBuildConfiguration;
			buildSettings = {
				ALWAYS_SEARCH_USER_PATHS = NO;
				CLANG_ANALYZER_NONNULL = YES;
				CLANG_ANALYZER_NUMBER_OBJECT_CONVERSION = YES_AGGRESSIVE;
				CLANG_CXX_LANGUAGE_STANDARD = "gnu++20";
				CLANG_ENABLE_MODULES = YES;
				CLANG_ENABLE_OBJC_ARC = YES;
				CLANG_ENABLE_OBJC_WEAK = YES;
				CLANG_WARN_BLOCK_CAPTURE_AUTORELEASING = YES;
				CLANG_WARN_BOOL_CONVERSION = YES;
				CLANG_WARN_COMMA = YES;
				CLANG_WARN_CONSTANT_CONVERSION = YES;
				CLANG_WARN_DEPRECATED_OBJC_IMPLEMENTATIONS = YES;
				CLANG_WARN_DIRECT_OBJC_ISA_USAGE = YES_ERROR;
				CLANG_WARN_DOCUMENTATION_COMMENTS = YES;
				CLANG_WARN_EMPTY_BODY = YES;
				CLANG_WARN_ENUM_CONVERSION = YES;
				CLANG_WARN_INFINITE_RECURSION = YES;
				CLANG_WARN_INT_CONVERSION = YES;
				CLANG_WARN_NON_LITERAL_NULL_CONVERSION = YES;
				CLANG_WARN_OBJC_IMPLICIT_RETAIN_SELF = YES;
				CLANG_WARN_OBJC_LITERAL_CONVERSION = YES;
				CLANG_WARN_OBJC_ROOT_CLASS = YES_ERROR;
				CLANG_WARN_QUOTED_INCLUDE_IN_FRAMEWORK_HEADER = YES;
				CLANG_WARN_RANGE_LOOP_ANALYSIS = YES;
				CLANG_WARN_STRICT_PROTOTYPES = YES;
				CLANG_WARN_SUSPICIOUS_MOVE = YES;
				CLANG_WARN_UNGUARDED_AVAILABILITY = YES_AGGRESSIVE;
				CLANG_WARN_UNREACHABLE_CODE = YES;
				CLANG_WARN__DUPLICATE_METHOD_MATCH = YES;
				COPY_PHASE_STRIP = NO;
				DEBUG_INFORMATION_FORMAT = "dwarf-with-dsym";
				ENABLE_NS_ASSERTIONS = NO;
				ENABLE_STRICT_OBJC_MSGSEND = YES;
				GCC_C_LANGUAGE_STANDARD = gnu11;
				GCC_NO_COMMON_BLOCKS = YES;
				GCC_WARN_64_TO_32_BIT_CONVERSION = YES;
				GCC_WARN_ABOUT_RETURN_TYPE = YES_ERROR;
				GCC_WARN_UNDECLARED_SELECTOR = YES;
				GCC_WARN_UNINITIALIZED_AUTOS = YES_AGGRESSIVE;
				GCC_WARN_UNUSED_FUNCTION = YES;
				GCC_WARN_UNUSED_VARIABLE = YES;
				IPHONEOS_DEPLOYMENT_TARGET = 14.0;
				MTL_ENABLE_DEBUG_INFO = NO;
				MTL_FAST_MATH = YES;
				SDKROOT = iphoneos;
				SWIFT_COMPILATION_MODE = wholemodule;
				SWIFT_OPTIMIZATION_LEVEL = "-O";
				VALIDATE_PRODUCT = YES;
			};
			name = Release;
		};
		F4ECC444296362D00054EB01 /* Debug */ = {
			isa = XCBuildConfiguration;
			buildSettings = {
				ASSETCATALOG_COMPILER_APPICON_NAME = AppIcon;
				ASSETCATALOG_COMPILER_GLOBAL_ACCENT_COLOR_NAME = AccentColor;
				CODE_SIGN_STYLE = Automatic;
				CURRENT_PROJECT_VERSION = 1;
				DEVELOPMENT_TEAM = Y7K69XGKB2;
				GENERATE_INFOPLIST_FILE = YES;
				INFOPLIST_FILE = Meteorites/Info.plist;
				INFOPLIST_KEY_NSLocationAlwaysAndWhenInUseUsageDescription = "Meteorites would like to use your current location.";
				INFOPLIST_KEY_NSLocationWhenInUseUsageDescription = "Meteorites would like to use your current location.";
				INFOPLIST_KEY_UIApplicationSupportsIndirectInputEvents = YES;
				INFOPLIST_KEY_UILaunchStoryboardName = LaunchScreen;
				INFOPLIST_KEY_UIStatusBarStyle = "";
				INFOPLIST_KEY_UISupportedInterfaceOrientations = UIInterfaceOrientationPortrait;
				INFOPLIST_KEY_UISupportedInterfaceOrientations_iPad = "UIInterfaceOrientationPortrait UIInterfaceOrientationPortraitUpsideDown";
				IPHONEOS_DEPLOYMENT_TARGET = 15.0;
				LD_RUNPATH_SEARCH_PATHS = (
					"$(inherited)",
					"@executable_path/Frameworks",
				);
				MARKETING_VERSION = 1.0;
				PRODUCT_BUNDLE_IDENTIFIER = com.SimonSestak.Meteorites;
				PRODUCT_NAME = "$(TARGET_NAME)";
				SWIFT_EMIT_LOC_STRINGS = YES;
				SWIFT_VERSION = 5.0;
				TARGETED_DEVICE_FAMILY = "1,2";
			};
			name = Debug;
		};
		F4ECC445296362D00054EB01 /* Release */ = {
			isa = XCBuildConfiguration;
			buildSettings = {
				ASSETCATALOG_COMPILER_APPICON_NAME = AppIcon;
				ASSETCATALOG_COMPILER_GLOBAL_ACCENT_COLOR_NAME = AccentColor;
				CODE_SIGN_STYLE = Automatic;
				CURRENT_PROJECT_VERSION = 1;
				DEVELOPMENT_TEAM = Y7K69XGKB2;
				GENERATE_INFOPLIST_FILE = YES;
				INFOPLIST_FILE = Meteorites/Info.plist;
				INFOPLIST_KEY_NSLocationAlwaysAndWhenInUseUsageDescription = "Meteorites would like to use your current location.";
				INFOPLIST_KEY_NSLocationWhenInUseUsageDescription = "Meteorites would like to use your current location.";
				INFOPLIST_KEY_UIApplicationSupportsIndirectInputEvents = YES;
				INFOPLIST_KEY_UILaunchStoryboardName = LaunchScreen;
				INFOPLIST_KEY_UIStatusBarStyle = "";
				INFOPLIST_KEY_UISupportedInterfaceOrientations = UIInterfaceOrientationPortrait;
				INFOPLIST_KEY_UISupportedInterfaceOrientations_iPad = "UIInterfaceOrientationPortrait UIInterfaceOrientationPortraitUpsideDown";
				IPHONEOS_DEPLOYMENT_TARGET = 15.0;
				LD_RUNPATH_SEARCH_PATHS = (
					"$(inherited)",
					"@executable_path/Frameworks",
				);
				MARKETING_VERSION = 1.0;
				PRODUCT_BUNDLE_IDENTIFIER = com.SimonSestak.Meteorites;
				PRODUCT_NAME = "$(TARGET_NAME)";
				SWIFT_EMIT_LOC_STRINGS = YES;
				SWIFT_VERSION = 5.0;
				TARGETED_DEVICE_FAMILY = "1,2";
			};
			name = Release;
		};
/* End XCBuildConfiguration section */

/* Begin XCConfigurationList section */
		F4ECC42A296362CF0054EB01 /* Build configuration list for PBXProject "Meteorites" */ = {
			isa = XCConfigurationList;
			buildConfigurations = (
				F4ECC441296362D00054EB01 /* Debug */,
				F4ECC442296362D00054EB01 /* Release */,
			);
			defaultConfigurationIsVisible = 0;
			defaultConfigurationName = Release;
		};
		F4ECC443296362D00054EB01 /* Build configuration list for PBXNativeTarget "Meteorites" */ = {
			isa = XCConfigurationList;
			buildConfigurations = (
				F4ECC444296362D00054EB01 /* Debug */,
				F4ECC445296362D00054EB01 /* Release */,
			);
			defaultConfigurationIsVisible = 0;
			defaultConfigurationName = Release;
		};
/* End XCConfigurationList section */

/* Begin XCRemoteSwiftPackageReference section */
		F4ECC496296384C20054EB01 /* XCRemoteSwiftPackageReference "Alamofire" */ = {
			isa = XCRemoteSwiftPackageReference;
			repositoryURL = "https://github.com/Alamofire/Alamofire.git";
			requirement = {
				kind = upToNextMajorVersion;
				minimumVersion = 5.0.0;
			};
		};
		F4ECC499296385070054EB01 /* XCRemoteSwiftPackageReference "PromiseKit" */ = {
			isa = XCRemoteSwiftPackageReference;
			repositoryURL = "https://github.com/mxcl/PromiseKit";
			requirement = {
				kind = upToNextMajorVersion;
				minimumVersion = 6.0.0;
			};
		};
		F4ECC4A62964243F0054EB01 /* XCRemoteSwiftPackageReference "realm-swift" */ = {
			isa = XCRemoteSwiftPackageReference;
			repositoryURL = "https://github.com/realm/realm-swift.git";
			requirement = {
				kind = upToNextMajorVersion;
				minimumVersion = 10.33.0;
			};
		};
/* End XCRemoteSwiftPackageReference section */

/* Begin XCSwiftPackageProductDependency section */
		F4ECC497296384C20054EB01 /* Alamofire */ = {
			isa = XCSwiftPackageProductDependency;
			package = F4ECC496296384C20054EB01 /* XCRemoteSwiftPackageReference "Alamofire" */;
			productName = Alamofire;
		};
		F4ECC49A296385070054EB01 /* PromiseKit */ = {
			isa = XCSwiftPackageProductDependency;
			package = F4ECC499296385070054EB01 /* XCRemoteSwiftPackageReference "PromiseKit" */;
			productName = PromiseKit;
		};
		F4ECC4A72964243F0054EB01 /* Realm */ = {
			isa = XCSwiftPackageProductDependency;
			package = F4ECC4A62964243F0054EB01 /* XCRemoteSwiftPackageReference "realm-swift" */;
			productName = Realm;
		};
		F4ECC4A92964243F0054EB01 /* RealmSwift */ = {
			isa = XCSwiftPackageProductDependency;
			package = F4ECC4A62964243F0054EB01 /* XCRemoteSwiftPackageReference "realm-swift" */;
			productName = RealmSwift;
		};
/* End XCSwiftPackageProductDependency section */
	};
	rootObject = F4ECC427296362CF0054EB01 /* Project object */;
}
